# generated by rye
# use `rye lock` or `rye sync` to update this lockfile
#
# last locked with the following flags:
#   pre: false
#   features: []
#   all-features: false
#   with-sources: false
#   generate-hashes: false

-e file:.
cloudpickle==3.0.0
    # via gymnasium
farama-notifications==0.0.4
    # via gymnasium
gymnasium==0.29.1
    # via pinpad
importlib-metadata==6.8.0
    # via gymnasium
numpy==1.24.4
    # via gymnasium
    # via pinpad
typing-extensions==4.8.0
    # via gymnasium
zipp==3.17.0
    # via importlib-metadata
